
Microsoft Visual Studio Solution File, Format Version 12.00
# Visual Studio 2013
VisualStudioVersion = 12.0.21005.1
MinimumVisualStudioVersion = 10.0.40219.1
Project("{FAE04EC0-301F-11D3-BF4B-00C04F79EFBC}") = "OfficeAvenger.Web", "OfficeAvenger.Web\OfficeAvenger.Web.csproj", "{1BE2A10C-60E3-4788-B547-56BD4F0569AD}"
	ProjectSection(ProjectDependencies) = postProject
		{9702A96A-403D-42D5-87F6-3C7869D2B087} = {9702A96A-403D-42D5-87F6-3C7869D2B087}
		{8448368F-4189-421B-A77A-814CC7600B04} = {8448368F-4189-421B-A77A-814CC7600B04}
		{123A90C4-9117-4B3F-B60F-085677B694A4} = {123A90C4-9117-4B3F-B60F-085677B694A4}
		{83BA81E1-B8B5-4B6E-A831-FCB02A4D9C01} = {83BA81E1-B8B5-4B6E-A831-FCB02A4D9C01}
	EndProjectSection
EndProject
Project("{FAE04EC0-301F-11D3-BF4B-00C04F79EFBC}") = "OfficeAvenger.Domain", "OfficeAvenger.Domain\OfficeAvenger.Domain.csproj", "{123A90C4-9117-4B3F-B60F-085677B694A4}"
EndProject
Project("{FAE04EC0-301F-11D3-BF4B-00C04F79EFBC}") = "OfficeAvenger.Domain.Data", "OfficeAvenger.Domain.Data\OfficeAvenger.Domain.Data.csproj", "{8448368F-4189-421B-A77A-814CC7600B04}"
EndProject
Project("{FAE04EC0-301F-11D3-BF4B-00C04F79EFBC}") = "OfficeAvenger.Services", "OfficeAvenger.Services\OfficeAvenger.Services.csproj", "{9702A96A-403D-42D5-87F6-3C7869D2B087}"
EndProject
Project("{FAE04EC0-301F-11D3-BF4B-00C04F79EFBC}") = "OfficeAvenger.Services.Logging", "OfficeAvenger.Services.Logging\OfficeAvenger.Services.Logging.csproj", "{83BA81E1-B8B5-4B6E-A831-FCB02A4D9C01}"
EndProject
Project("{FAE04EC0-301F-11D3-BF4B-00C04F79EFBC}") = "OfficeAvenger.Tests", "OfficeAvenger.Tests\OfficeAvenger.Tests.csproj", "{AC6A2E60-C7B4-4C05-A1B7-5F58C40901AB}"
EndProject
Project("{FAE04EC0-301F-11D3-BF4B-00C04F79EFBC}") = "OfficeAvenger.Tests.Fixtures", "OfficeAvenger.Tests.Fixtures\OfficeAvenger.Tests.Fixtures.csproj", "{7B583491-9E19-438A-BA97-2A77B2A06F30}"
EndProject
Global
	GlobalSection(SolutionConfigurationPlatforms) = preSolution
		Debug|Any CPU = Debug|Any CPU
		Release|Any CPU = Release|Any CPU
	EndGlobalSection
	GlobalSection(ProjectConfigurationPlatforms) = postSolution
		{1BE2A10C-60E3-4788-B547-56BD4F0569AD}.Debug|Any CPU.ActiveCfg = Debug|Any CPU
		{1BE2A10C-60E3-4788-B547-56BD4F0569AD}.Debug|Any CPU.Build.0 = Debug|Any CPU
		{1BE2A10C-60E3-4788-B547-56BD4F0569AD}.Release|Any CPU.ActiveCfg = Release|Any CPU
		{1BE2A10C-60E3-4788-B547-56BD4F0569AD}.Release|Any CPU.Build.0 = Release|Any CPU
		{123A90C4-9117-4B3F-B60F-085677B694A4}.Debug|Any CPU.ActiveCfg = Debug|Any CPU
		{123A90C4-9117-4B3F-B60F-085677B694A4}.Debug|Any CPU.Build.0 = Debug|Any CPU
		{123A90C4-9117-4B3F-B60F-085677B694A4}.Release|Any CPU.ActiveCfg = Release|Any CPU
		{123A90C4-9117-4B3F-B60F-085677B694A4}.Release|Any CPU.Build.0 = Release|Any CPU
		{8448368F-4189-421B-A77A-814CC7600B04}.Debug|Any CPU.ActiveCfg = Debug|Any CPU
		{8448368F-4189-421B-A77A-814CC7600B04}.Debug|Any CPU.Build.0 = Debug|Any CPU
		{8448368F-4189-421B-A77A-814CC7600B04}.Release|Any CPU.ActiveCfg = Release|Any CPU
		{8448368F-4189-421B-A77A-814CC7600B04}.Release|Any CPU.Build.0 = Release|Any CPU
		{9702A96A-403D-42D5-87F6-3C7869D2B087}.Debug|Any CPU.ActiveCfg = Debug|Any CPU
		{9702A96A-403D-42D5-87F6-3C7869D2B087}.Debug|Any CPU.Build.0 = Debug|Any CPU
		{9702A96A-403D-42D5-87F6-3C7869D2B087}.Release|Any CPU.ActiveCfg = Release|Any CPU
		{9702A96A-403D-42D5-87F6-3C7869D2B087}.Release|Any CPU.Build.0 = Release|Any CPU
		{83BA81E1-B8B5-4B6E-A831-FCB02A4D9C01}.Debug|Any CPU.ActiveCfg = Debug|Any CPU
		{83BA81E1-B8B5-4B6E-A831-FCB02A4D9C01}.Debug|Any CPU.Build.0 = Debug|Any CPU
		{83BA81E1-B8B5-4B6E-A831-FCB02A4D9C01}.Release|Any CPU.ActiveCfg = Release|Any CPU
		{83BA81E1-B8B5-4B6E-A831-FCB02A4D9C01}.Release|Any CPU.Build.0 = Release|Any CPU
		{AC6A2E60-C7B4-4C05-A1B7-5F58C40901AB}.Debug|Any CPU.ActiveCfg = Debug|Any CPU
		{AC6A2E60-C7B4-4C05-A1B7-5F58C40901AB}.Debug|Any CPU.Build.0 = Debug|Any CPU
		{AC6A2E60-C7B4-4C05-A1B7-5F58C40901AB}.Release|Any CPU.ActiveCfg = Release|Any CPU
		{AC6A2E60-C7B4-4C05-A1B7-5F58C40901AB}.Release|Any CPU.Build.0 = Release|Any CPU
		{7B583491-9E19-438A-BA97-2A77B2A06F30}.Debug|Any CPU.ActiveCfg = Debug|Any CPU
		{7B583491-9E19-438A-BA97-2A77B2A06F30}.Debug|Any CPU.Build.0 = Debug|Any CPU
		{7B583491-9E19-438A-BA97-2A77B2A06F30}.Release|Any CPU.ActiveCfg = Release|Any CPU
		{7B583491-9E19-438A-BA97-2A77B2A06F30}.Release|Any CPU.Build.0 = Release|Any CPU
	EndGlobalSection
	GlobalSection(SolutionProperties) = preSolution
		HideSolutionNode = FALSE
	EndGlobalSection
EndGlobal
